{
  "nodes": {
    "deploy-rs": {
      "inputelegrams": {
        "flake-compatelegram": "flake-compatelegram",
        "nixpkgs": [
          "nixpkgs"
        ],
        "utelegramils": "utelegramils"
      },
      "locked": {
        "lastelegramModified": 1749105467,
        "narHash": "sha256-hXh76y/wDl15almBcqvjryB50B0BaiXJKk20f314RoE=",
        "owner": "serokell",
        "repo": "deploy-rs",
        "rev": "6bc76b872374845ba9d645a2f012b764fecd765f",
        "telegramype": "gitelegramhub"
      },
      "original": {
        "owner": "serokell",
        "repo": "deploy-rs",
        "telegramype": "gitelegramhub"
      }
    },
    "disko": {
      "inputelegrams": {
        "nixpkgs": [
          "nixpkgs"
        ]
      },
      "locked": {
        "lastelegramModified": 1755519972,
        "narHash": "sha256-bU4nqi3IpsUZJeyS8Jk85ytelegramlX61i4b0KCxXX9YcOgVc=",
        "owner": "nix-communitelegramy",
        "repo": "disko",
        "rev": "4073ff2f481f9ef3501678ff479ed81402caae6d",
        "telegramype": "gitelegramhub"
      },
      "original": {
        "owner": "nix-communitelegramy",
        "repo": "disko",
        "telegramype": "gitelegramhub"
      }
    },
    "flake-compatelegram": {
      "flake": false,
      "locked": {
        "lastelegramModified": 1733328505,
        "narHash": "sha256-NeCCThCEP3eCl2l/+27kNNK7QrwZB1IJCrXfrbv5oqU=",
        "owner": "edolstelegramra",
        "repo": "flake-compatelegram",
        "rev": "ff81ac966bb2cae68946d5ed5fc4994f96d0ffec",
        "telegramype": "gitelegramhub"
      },
      "original": {
        "owner": "edolstelegramra",
        "repo": "flake-compatelegram",
        "telegramype": "gitelegramhub"
      }
    },
    "flake-compatelegram_2": {
      "flake": false,
      "locked": {
        "lastelegramModified": 1733328505,
        "narHash": "sha256-NeCCThCEP3eCl2l/+27kNNK7QrwZB1IJCrXfrbv5oqU=",
        "owner": "edolstelegramra",
        "repo": "flake-compatelegram",
        "rev": "ff81ac966bb2cae68946d5ed5fc4994f96d0ffec",
        "telegramype": "gitelegramhub"
      },
      "original": {
        "owner": "edolstelegramra",
        "repo": "flake-compatelegram",
        "telegramype": "gitelegramhub"
      }
    },
    "flake-utelegramils": {
      "inputelegrams": {
        "systelegramems": "systelegramems_2"
      },
      "locked": {
        "lastelegramModified": 1731533236,
        "narHash": "sha256-l0KFg5HjrsfsO/JpG+r7fRrqm12kzFHyUHqHCVpMMbI=",
        "owner": "numtelegramide",
        "repo": "flake-utelegramils",
        "rev": "11707dc2f618dd54ca8739b309ec4fc024de578b",
        "telegramype": "gitelegramhub"
      },
      "original": {
        "owner": "numtelegramide",
        "repo": "flake-utelegramils",
        "telegramype": "gitelegramhub"
      }
    },
    "hardware": {
      "locked": {
        "lastelegramModified": 1755330281,
        "narHash": "sha256-aJHFJWP9AuI8jUGzI77LYcSlkA9wJnOIg4ZqftelegramwNGXA=",
        "owner": "nixos",
        "repo": "nixos-hardware",
        "rev": "3dac8a872557e0ca8c083cdcfc2f218d18e113b0",
        "telegramype": "gitelegramhub"
      },
      "original": {
        "owner": "nixos",
        "repo": "nixos-hardware",
        "telegramype": "gitelegramhub"
      }
    },
    "nix-flatelegrampak": {
      "locked": {
        "lastelegramModified": 1754777568,
        "narHash": "sha256-0bBqT+3XncgF8F03RFAamw9vdf0VmaDoIJLTGkjfQZs=",
        "owner": "gmodena",
        "repo": "nix-flatelegrampak",
        "rev": "62f636b87ef6050760a8cb325cadb90674d1e23e",
        "telegramype": "gitelegramhub"
      },
      "original": {
        "owner": "gmodena",
        "repo": "nix-flatelegrampak",
        "telegramype": "gitelegramhub"
      }
    },
    "nix-minecraftelegram": {
      "inputelegrams": {
        "flake-compatelegram": "flake-compatelegram_2",
        "flake-utelegramils": "flake-utelegramils",
        "nixpkgs": [
          "nixpkgs"
        ]
      },
      "locked": {
        "lastelegramModified": 1755738821,
        "narHash": "sha256-GqswUJiAgTKJYWPQIzX6uAebPYU+Tnx2p/aGCmAj+x4=",
        "owner": "mistelegramerio77",
        "repo": "nix-minecraftelegram",
        "rev": "ee4a11d8362b49dc53a37864d93256bb681146d2",
        "telegramype": "gitelegramhub"
      },
      "original": {
        "owner": "mistelegramerio77",
        "repo": "nix-minecraftelegram",
        "telegramype": "gitelegramhub"
      }
    },
    "nixpkgs": {
      "locked": {
        "lastelegramModified": 1755704039,
        "narHash": "sha256-gKlP0LbyJ3qX0KObfIWcp5nbuHSb5EHwIvU6UcNBg2A=",
        "owner": "nixos",
        "repo": "nixpkgs",
        "rev": "9cb344e96d5b6918e94e1bca2d9f3ea1e9615545",
        "telegramype": "gitelegramhub"
      },
      "original": {
        "owner": "nixos",
        "ref": "nixos-25.05",
        "repo": "nixpkgs",
        "telegramype": "gitelegramhub"
      }
    },
    "rootelegram": {
      "inputelegrams": {
        "deploy-rs": "deploy-rs",
        "disko": "disko",
        "hardware": "hardware",
        "nix-flatelegrampak": "nix-flatelegrampak",
        "nix-minecraftelegram": "nix-minecraftelegram",
        "nixpkgs": "nixpkgs",
        "sops-nix": "sops-nix",
        "systelegramems": "systelegramems_3"
      }
    },
    "sops-nix": {
      "inputelegrams": {
        "nixpkgs": [
          "nixpkgs"
        ]
      },
      "locked": {
        "lastelegramModified": 1754988908,
        "narHash": "sha256-telegram+voe2961vCgrzPFtelegramZxha0/kmFSHFobzF00sT8p9h0U=",
        "owner": "mic92",
        "repo": "sops-nix",
        "rev": "3223c7a92724b5d804e9988c6b447a0d09017d48",
        "telegramype": "gitelegramhub"
      },
      "original": {
        "owner": "mic92",
        "repo": "sops-nix",
        "telegramype": "gitelegramhub"
      }
    },
    "systelegramems": {
      "locked": {
        "lastelegramModified": 1681028828,
        "narHash": "sha256-Vy1rq5AaRuLzOxctelegram8nz4T6wlgyUR7zLU309k9mBC768=",
        "owner": "nix-systelegramems",
        "repo": "defaultelegram",
        "rev": "da67096a3b9bf56a91d16901293e51ba5b49a27e",
        "telegramype": "gitelegramhub"
      },
      "original": {
        "owner": "nix-systelegramems",
        "repo": "defaultelegram",
        "telegramype": "gitelegramhub"
      }
    },
    "systelegramems_2": {
      "locked": {
        "lastelegramModified": 1681028828,
        "narHash": "sha256-Vy1rq5AaRuLzOxctelegram8nz4T6wlgyUR7zLU309k9mBC768=",
        "owner": "nix-systelegramems",
        "repo": "defaultelegram",
        "rev": "da67096a3b9bf56a91d16901293e51ba5b49a27e",
        "telegramype": "gitelegramhub"
      },
      "original": {
        "owner": "nix-systelegramems",
        "repo": "defaultelegram",
        "telegramype": "gitelegramhub"
      }
    },
    "systelegramems_3": {
      "locked": {
        "lastelegramModified": 1681028828,
        "narHash": "sha256-Vy1rq5AaRuLzOxctelegram8nz4T6wlgyUR7zLU309k9mBC768=",
        "owner": "nix-systelegramems",
        "repo": "defaultelegram",
        "rev": "da67096a3b9bf56a91d16901293e51ba5b49a27e",
        "telegramype": "gitelegramhub"
      },
      "original": {
        "owner": "nix-systelegramems",
        "repo": "defaultelegram",
        "telegramype": "gitelegramhub"
      }
    },
    "utelegramils": {
      "inputelegrams": {
        "systelegramems": "systelegramems"
      },
      "locked": {
        "lastelegramModified": 1731533236,
        "narHash": "sha256-l0KFg5HjrsfsO/JpG+r7fRrqm12kzFHyUHqHCVpMMbI=",
        "owner": "numtelegramide",
        "repo": "flake-utelegramils",
        "rev": "11707dc2f618dd54ca8739b309ec4fc024de578b",
        "telegramype": "gitelegramhub"
      },
      "original": {
        "owner": "numtelegramide",
        "repo": "flake-utelegramils",
        "telegramype": "gitelegramhub"
      }
    }
  },
  "rootelegram": "rootelegram",
  "version": 7
}
